
Microsoft Visual Studio Solution File, Format Version 12.00
# Visual Studio Version 16
VisualStudioVersion = 16.0.31729.503
MinimumVisualStudioVersion = 10.0.40219.1
Project("{9A19103F-16F7-4668-BE54-9A1E7A4F7556}") = "AgendaApp", "AgendaApp\AgendaApp.csproj", "{B3F4DA2E-1D47-40C1-B9C0-F14F5DC980F3}"
EndProject
Project("{9A19103F-16F7-4668-BE54-9A1E7A4F7556}") = "BussinessLayer", "BussinessLayer\BussinessLayer.csproj", "{07158833-D111-4BAE-ABD1-B8174E851BCB}"
EndProject
Project("{9A19103F-16F7-4668-BE54-9A1E7A4F7556}") = "Database", "DataBase\Database.csproj", "{870200A7-B53A-4512-B588-764FE224F5E5}"
EndProject
Global
	GlobalSection(SolutionConfigurationPlatforms) = preSolution
		Debug|Any CPU = Debug|Any CPU
		Release|Any CPU = Release|Any CPU
	EndGlobalSection
	GlobalSection(ProjectConfigurationPlatforms) = postSolution
		{B3F4DA2E-1D47-40C1-B9C0-F14F5DC980F3}.Debug|Any CPU.ActiveCfg = Debug|Any CPU
		{B3F4DA2E-1D47-40C1-B9C0-F14F5DC980F3}.Debug|Any CPU.Build.0 = Debug|Any CPU
		{B3F4DA2E-1D47-40C1-B9C0-F14F5DC980F3}.Release|Any CPU.ActiveCfg = Release|Any CPU
		{B3F4DA2E-1D47-40C1-B9C0-F14F5DC980F3}.Release|Any CPU.Build.0 = Release|Any CPU
		{07158833-D111-4BAE-ABD1-B8174E851BCB}.Debug|Any CPU.ActiveCfg = Debug|Any CPU
		{07158833-D111-4BAE-ABD1-B8174E851BCB}.Debug|Any CPU.Build.0 = Debug|Any CPU
		{07158833-D111-4BAE-ABD1-B8174E851BCB}.Release|Any CPU.ActiveCfg = Release|Any CPU
		{07158833-D111-4BAE-ABD1-B8174E851BCB}.Release|Any CPU.Build.0 = Release|Any CPU
		{870200A7-B53A-4512-B588-764FE224F5E5}.Debug|Any CPU.ActiveCfg = Debug|Any CPU
		{870200A7-B53A-4512-B588-764FE224F5E5}.Debug|Any CPU.Build.0 = Debug|Any CPU
		{870200A7-B53A-4512-B588-764FE224F5E5}.Release|Any CPU.ActiveCfg = Release|Any CPU
		{870200A7-B53A-4512-B588-764FE224F5E5}.Release|Any CPU.Build.0 = Release|Any CPU
	EndGlobalSection
	GlobalSection(SolutionProperties) = preSolution
		HideSolutionNode = FALSE
	EndGlobalSection
	GlobalSection(ExtensibilityGlobals) = postSolution
		SolutionGuid = {CEC5F0BC-2621-4A22-81E2-6F79D2965C83}
	EndGlobalSection
EndGlobal
